# This file is autogenerated, do not edit; changes may be undone by the next 'dep ensure'.


[[projects]]
  name = "github.com/Luzifer/go_helpers"
  packages = ["str"]
  revision = "e31c3a2659d3f4901f696692cfe98bd0eb5168f9"
  version = "v2.2.0"

[[projects]]
  name = "github.com/Luzifer/rconfig"
  packages = ["."]
  revision = "c27bd3a64b5b19556914d9fec69922cf3852d585"
  version = "v1.1.0"

[[projects]]
  name = "github.com/miekg/dns"
  packages = ["."]
  revision = "f282f80e243cc2bf8f6410c30d821b93b794e168"

[[projects]]
  name = "github.com/mitchellh/go-homedir"
  packages = ["."]
  revision = "981ab348d865cf048eb7d17e78ac7192632d8415"

[[projects]]
  name = "github.com/sirupsen/logrus"
  packages = ["."]
  revision = "f006c2ac4710855cf0f916dd6b77acf6b048dc6e"
  version = "v1.0.3"

[[projects]]
  name = "github.com/spf13/pflag"
  packages = ["."]
  revision = "c7e63cf4530bcd3ba943729cee0efeff2ebea63f"

[[projects]]
  name = "github.com/xenolf/lego"
  packages = ["acme"]
  revision = "192334c448f7e1e271bca93062f2f295cb3f35c8"
  version = "v0.4.0"

[[projects]]
  name = "golang.org/x/crypto"
  packages = ["ocsp","ssh/terminal"]
  revision = "5a033cc77e57eca05bdb50522851d29e03569cbe"

[[projects]]
  name = "golang.org/x/net"
  packages = ["idna","publicsuffix"]
  revision = "feeb485667d1fdabe727840fe00adc22431bc86e"

[[projects]]
  name = "golang.org/x/sys"
  packages = ["unix"]
  revision = "8f0908ab3b2457e2e15403d3697c9ef5cb4b57a9"

[[projects]]
  branch = "master"
  name = "golang.org/x/text"
  packages = ["internal/gen","internal/triegen","internal/ucd","secure/bidirule","transform","unicode/bidi","unicode/cldr","unicode/norm","unicode/rangetable"]
  revision = "bd91bbf73e9a4a801adbfb97133c992678533126"

[[projects]]
  name = "gopkg.in/square/go-jose.v1"
  packages = [".","cipher","json"]
  revision = "aa2e30fdd1fe9dd3394119af66451ae790d50e0d"
  version = "v1.1.0"

[[projects]]
  name = "gopkg.in/yaml.v2"
  packages = ["."]
  revision = "31c299268d302dd0aa9a0dcf765a3d58971ac83f"

[solve-meta]
  analyzer-name = "dep"
  analyzer-version = 1
  inputs-digest = "f33a68c71b4efce43f003a6bd06edc1a1364d0cdd5153bea0a729d2b52e25afc"
  solver-name = "gps-cdcl"
  solver-version = 1
